// !$*UTF8*$!
{
	archiveVersion = 1;
	classes = {
	};
	objectVersion = 56;
	objects = {

/* Begin PBXBuildFile section */
		23FB01D52C4F09D900C52219 /* RealityKitContent in Frameworks */ = {isa = PBXBuildFile; productRef = 23FB01D42C4F09D900C52219 /* RealityKitContent */; };
		23FB01D72C4F09D900C52219 /* VisionExperimentsApp.swift in Sources */ = {isa = PBXBuildFile; fileRef = 23FB01D62C4F09D900C52219 /* VisionExperimentsApp.swift */; };
		23FB01D92C4F09D900C52219 /* ContentView.swift in Sources */ = {isa = PBXBuildFile; fileRef = 23FB01D82C4F09D900C52219 /* ContentView.swift */; };
		23FB01DB2C4F09D900C52219 /* ImmersiveView.swift in Sources */ = {isa = PBXBuildFile; fileRef = 23FB01DA2C4F09D900C52219 /* ImmersiveView.swift */; };
		23FB01DD2C4F09DB00C52219 /* Assets.xcassets in Resources */ = {isa = PBXBuildFile; fileRef = 23FB01DC2C4F09DB00C52219 /* Assets.xcassets */; };
		23FB01E02C4F09DB00C52219 /* Preview Assets.xcassets in Resources */ = {isa = PBXBuildFile; fileRef = 23FB01DF2C4F09DB00C52219 /* Preview Assets.xcassets */; };
		23FB01EB2C4F09DB00C52219 /* VisionExperimentsTests.swift in Sources */ = {isa = PBXBuildFile; fileRef = 23FB01EA2C4F09DB00C52219 /* VisionExperimentsTests.swift */; };
/* End PBXBuildFile section */

/* Begin PBXContainerItemProxy section */
		23FB01E72C4F09DB00C52219 /* PBXContainerItemProxy */ = {
			isa = PBXContainerItemProxy;
			containerPortal = 23FB01C72C4F09D900C52219 /* Project object */;
			proxyType = 1;
			remoteGlobalIDString = 23FB01CE2C4F09D900C52219;
			remoteInfo = VisionExperiments;
		};
/* End PBXContainerItemProxy section */

/* Begin PBXFileReference section */
		23FB01CF2C4F09D900C52219 /* VisionExperiments.app */ = {isa = PBXFileReference; explicitFileType = wrapper.application; includeInIndex = 0; path = VisionExperiments.app; sourceTree = BUILT_PRODUCTS_DIR; };
		23FB01D32C4F09D900C52219 /* RealityKitContent */ = {isa = PBXFileReference; lastKnownFileType = wrapper; path = RealityKitContent; sourceTree = "<group>"; };
		23FB01D62C4F09D900C52219 /* VisionExperimentsApp.swift */ = {isa = PBXFileReference; lastKnownFileType = sourcecode.swift; path = VisionExperimentsApp.swift; sourceTree = "<group>"; };
		23FB01D82C4F09D900C52219 /* ContentView.swift */ = {isa = PBXFileReference; lastKnownFileType = sourcecode.swift; path = ContentView.swift; sourceTree = "<group>"; };
		23FB01DA2C4F09D900C52219 /* ImmersiveView.swift */ = {isa = PBXFileReference; lastKnownFileType = sourcecode.swift; path = ImmersiveView.swift; sourceTree = "<group>"; };
		23FB01DC2C4F09DB00C52219 /* Assets.xcassets */ = {isa = PBXFileReference; lastKnownFileType = folder.assetcatalog; path = Assets.xcassets; sourceTree = "<group>"; };
		23FB01DF2C4F09DB00C52219 /* Preview Assets.xcassets */ = {isa = PBXFileReference; lastKnownFileType = folder.assetcatalog; path = "Preview Assets.xcassets"; sourceTree = "<group>"; };
		23FB01E12C4F09DB00C52219 /* Info.plist */ = {isa = PBXFileReference; lastKnownFileType = text.plist.xml; path = Info.plist; sourceTree = "<group>"; };
		23FB01E62C4F09DB00C52219 /* VisionExperimentsTests.xctest */ = {isa = PBXFileReference; explicitFileType = wrapper.cfbundle; includeInIndex = 0; path = VisionExperimentsTests.xctest; sourceTree = BUILT_PRODUCTS_DIR; };
		23FB01EA2C4F09DB00C52219 /* VisionExperimentsTests.swift */ = {isa = PBXFileReference; lastKnownFileType = sourcecode.swift; path = VisionExperimentsTests.swift; sourceTree = "<group>"; };
/* End PBXFileReference section */

/* Begin PBXFrameworksBuildPhase section */
		23FB01CC2C4F09D900C52219 /* Frameworks */ = {
			isa = PBXFrameworksBuildPhase;
			buildActionMask = 2147483647;
			files = (
				23FB01D52C4F09D900C52219 /* RealityKitContent in Frameworks */,
			);
			runOnlyForDeploymentPostprocessing = 0;
		};
		23FB01E32C4F09DB00C52219 /* Frameworks */ = {
			isa = PBXFrameworksBuildPhase;
			buildActionMask = 2147483647;
			files = (
			);
			runOnlyForDeploymentPostprocessing = 0;
		};
/* End PBXFrameworksBuildPhase section */

/* Begin PBXGroup section */
		23FB01C62C4F09D900C52219 = {
			isa = PBXGroup;
			children = (
				23FB01D12C4F09D900C52219 /* VisionExperiments */,
				23FB01D22C4F09D900C52219 /* Packages */,
				23FB01E92C4F09DB00C52219 /* VisionExperimentsTests */,
				23FB01D02C4F09D900C52219 /* Products */,
			);
			sourceTree = "<group>";
		};
		23FB01D02C4F09D900C52219 /* Products */ = {
			isa = PBXGroup;
			children = (
				23FB01CF2C4F09D900C52219 /* VisionExperiments.app */,
				23FB01E62C4F09DB00C52219 /* VisionExperimentsTests.xctest */,
			);
			name = Products;
			sourceTree = "<group>";
		};
		23FB01D12C4F09D900C52219 /* VisionExperiments */ = {
			isa = PBXGroup;
			children = (
				23FB01D62C4F09D900C52219 /* VisionExperimentsApp.swift */,
				23FB01D82C4F09D900C52219 /* ContentView.swift */,
				23FB01DA2C4F09D900C52219 /* ImmersiveView.swift */,
				23FB01DC2C4F09DB00C52219 /* Assets.xcassets */,
				23FB01E12C4F09DB00C52219 /* Info.plist */,
				23FB01DE2C4F09DB00C52219 /* Preview Content */,
			);
			path = VisionExperiments;
			sourceTree = "<group>";
		};
		23FB01D22C4F09D900C52219 /* Packages */ = {
			isa = PBXGroup;
			children = (
				23FB01D32C4F09D900C52219 /* RealityKitContent */,
			);
			path = Packages;
			sourceTree = "<group>";
		};
		23FB01DE2C4F09DB00C52219 /* Preview Content */ = {
			isa = PBXGroup;
			children = (
				23FB01DF2C4F09DB00C52219 /* Preview Assets.xcassets */,
			);
			path = "Preview Content";
			sourceTree = "<group>";
		};
		23FB01E92C4F09DB00C52219 /* VisionExperimentsTests */ = {
			isa = PBXGroup;
			children = (
				23FB01EA2C4F09DB00C52219 /* VisionExperimentsTests.swift */,
			);
			path = VisionExperimentsTests;
			sourceTree = "<group>";
		};
/* End PBXGroup section */

/* Begin PBXNativeTarget section */
		23FB01CE2C4F09D900C52219 /* VisionExperiments */ = {
			isa = PBXNativeTarget;
			buildConfigurationList = 23FB01EE2C4F09DB00C52219 /* Build configuration list for PBXNativeTarget "VisionExperiments" */;
			buildPhases = (
				23FB01CB2C4F09D900C52219 /* Sources */,
				23FB01CC2C4F09D900C52219 /* Frameworks */,
				23FB01CD2C4F09D900C52219 /* Resources */,
			);
			buildRules = (
			);
			dependencies = (
			);
			name = VisionExperiments;
			packageProductDependencies = (
				23FB01D42C4F09D900C52219 /* RealityKitContent */,
			);
			productName = VisionExperiments;
			productReference = 23FB01CF2C4F09D900C52219 /* VisionExperiments.app */;
			productType = "com.apple.product-type.application";
		};
		23FB01E52C4F09DB00C52219 /* VisionExperimentsTests */ = {
			isa = PBXNativeTarget;
			buildConfigurationList = 23FB01F12C4F09DB00C52219 /* Build configuration list for PBXNativeTarget "VisionExperimentsTests" */;
			buildPhases = (
				23FB01E22C4F09DB00C52219 /* Sources */,
				23FB01E32C4F09DB00C52219 /* Frameworks */,
				23FB01E42C4F09DB00C52219 /* Resources */,
			);
			buildRules = (
			);
			dependencies = (
				23FB01E82C4F09DB00C52219 /* PBXTargetDependency */,
			);
			name = VisionExperimentsTests;
			productName = VisionExperimentsTests;
			productReference = 23FB01E62C4F09DB00C52219 /* VisionExperimentsTests.xctest */;
			productType = "com.apple.product-type.bundle.unit-test";
		};
/* End PBXNativeTarget section */

/* Begin PBXProject section */
		23FB01C72C4F09D900C52219 /* Project object */ = {
			isa = PBXProject;
			attributes = {
				BuildIndependentTargetsInParallel = 1;
				LastSwiftUpdateCheck = 1520;
				LastUpgradeCheck = 1520;
				TargetAttributes = {
					23FB01CE2C4F09D900C52219 = {
						CreatedOnToolsVersion = 15.2;
					};
					23FB01E52C4F09DB00C52219 = {
						CreatedOnToolsVersion = 15.2;
						TestTargetID = 23FB01CE2C4F09D900C52219;
					};
				};
			};
			buildConfigurationList = 23FB01CA2C4F09D900C52219 /* Build configuration list for PBXProject "VisionExperiments" */;
			compatibilityVersion = "Xcode 14.0";
			developmentRegion = en;
			hasScannedForEncodings = 0;
			knownRegions = (
				en,
				Base,
			);
			mainGroup = 23FB01C62C4F09D900C52219;
			productRefGroup = 23FB01D02C4F09D900C52219 /* Products */;
			projectDirPath = "";
			projectRoot = "";
			targets = (
				23FB01CE2C4F09D900C52219 /* VisionExperiments */,
				23FB01E52C4F09DB00C52219 /* VisionExperimentsTests */,
			);
		};
/* End PBXProject section */

/* Begin PBXResourcesBuildPhase section */
		23FB01CD2C4F09D900C52219 /* Resources */ = {
			isa = PBXResourcesBuildPhase;
			buildActionMask = 2147483647;
			files = (
				23FB01E02C4F09DB00C52219 /* Preview Assets.xcassets in Resources */,
				23FB01DD2C4F09DB00C52219 /* Assets.xcassets in Resources */,
			);
			runOnlyForDeploymentPostprocessing = 0;
		};
		23FB01E42C4F09DB00C52219 /* Resources */ = {
			isa = PBXResourcesBuildPhase;
			buildActionMask = 2147483647;
			files = (
			);
			runOnlyForDeploymentPostprocessing = 0;
		};
/* End PBXResourcesBuildPhase section */

/* Begin PBXSourcesBuildPhase section */
		23FB01CB2C4F09D900C52219 /* Sources */ = {
			isa = PBXSourcesBuildPhase;
			buildActionMask = 2147483647;
			files = (
				23FB01D92C4F09D900C52219 /* ContentView.swift in Sources */,
				23FB01D72C4F09D900C52219 /* VisionExperimentsApp.swift in Sources */,
				23FB01DB2C4F09D900C52219 /* ImmersiveView.swift in Sources */,
			);
			runOnlyForDeploymentPostprocessing = 0;
		};
		23FB01E22C4F09DB00C52219 /* Sources */ = {
			isa = PBXSourcesBuildPhase;
			buildActionMask = 2147483647;
			files = (
				23FB01EB2C4F09DB00C52219 /* VisionExperimentsTests.swift in Sources */,
			);
			runOnlyForDeploymentPostprocessing = 0;
		};
/* End PBXSourcesBuildPhase section */

/* Begin PBXTargetDependency section */
		23FB01E82C4F09DB00C52219 /* PBXTargetDependency */ = {
			isa = PBXTargetDependency;
			target = 23FB01CE2C4F09D900C52219 /* VisionExperiments */;
			targetProxy = 23FB01E72C4F09DB00C52219 /* PBXContainerItemProxy */;
		};
/* End PBXTargetDependency section */

/* Begin XCBuildConfiguration section */
		23FB01EC2C4F09DB00C52219 /* Debug */ = {
			isa = XCBuildConfiguration;
			buildSettings = {
				ALWAYS_SEARCH_USER_PATHS = NO;
				ASSETCATALOG_COMPILER_GENERATE_SWIFT_ASSET_SYMBOL_EXTENSIONS = YES;
				CLANG_ANALYZER_NONNULL = YES;
				CLANG_ANALYZER_NUMBER_OBJECT_CONVERSION = YES_AGGRESSIVE;
				CLANG_CXX_LANGUAGE_STANDARD = "gnu++20";
				CLANG_ENABLE_MODULES = YES;
				CLANG_ENABLE_OBJC_ARC = YES;
				CLANG_ENABLE_OBJC_WEAK = YES;
				CLANG_WARN_BLOCK_CAPTURE_AUTORELEASING = YES;
				CLANG_WARN_BOOL_CONVERSION = YES;
				CLANG_WARN_COMMA = YES;
				CLANG_WARN_CONSTANT_CONVERSION = YES;
				CLANG_WARN_DEPRECATED_OBJC_IMPLEMENTATIONS = YES;
				CLANG_WARN_DIRECT_OBJC_ISA_USAGE = YES_ERROR;
				CLANG_WARN_DOCUMENTATION_COMMENTS = YES;
				CLANG_WARN_EMPTY_BODY = YES;
				CLANG_WARN_ENUM_CONVERSION = YES;
				CLANG_WARN_INFINITE_RECURSION = YES;
				CLANG_WARN_INT_CONVERSION = YES;
				CLANG_WARN_NON_LITERAL_NULL_CONVERSION = YES;
				CLANG_WARN_OBJC_IMPLICIT_RETAIN_SELF = YES;
				CLANG_WARN_OBJC_LITERAL_CONVERSION = YES;
				CLANG_WARN_OBJC_ROOT_CLASS = YES_ERROR;
				CLANG_WARN_QUOTED_INCLUDE_IN_FRAMEWORK_HEADER = YES;
				CLANG_WARN_RANGE_LOOP_ANALYSIS = YES;
				CLANG_WARN_STRICT_PROTOTYPES = YES;
				CLANG_WARN_SUSPICIOUS_MOVE = YES;
				CLANG_WARN_UNGUARDED_AVAILABILITY = YES_AGGRESSIVE;
				CLANG_WARN_UNREACHABLE_CODE = YES;
				CLANG_WARN__DUPLICATE_METHOD_MATCH = YES;
				COPY_PHASE_STRIP = NO;
				DEBUG_INFORMATION_FORMAT = dwarf;
				ENABLE_STRICT_OBJC_MSGSEND = YES;
				ENABLE_TESTABILITY = YES;
				ENABLE_USER_SCRIPT_SANDBOXING = YES;
				GCC_C_LANGUAGE_STANDARD = gnu17;
				GCC_DYNAMIC_NO_PIC = NO;
				GCC_NO_COMMON_BLOCKS = YES;
				GCC_OPTIMIZATION_LEVEL = 0;
				GCC_PREPROCESSOR_DEFINITIONS = (
					"DEBUG=1",
					"$(inherited)",
				);
				GCC_WARN_64_TO_32_BIT_CONVERSION = YES;
				GCC_WARN_ABOUT_RETURN_TYPE = YES_ERROR;
				GCC_WARN_UNDECLARED_SELECTOR = YES;
				GCC_WARN_UNINITIALIZED_AUTOS = YES_AGGRESSIVE;
				GCC_WARN_UNUSED_FUNCTION = YES;
				GCC_WARN_UNUSED_VARIABLE = YES;
				LOCALIZATION_PREFERS_STRING_CATALOGS = YES;
				MTL_ENABLE_DEBUG_INFO = INCLUDE_SOURCE;
				MTL_FAST_MATH = YES;
				ONLY_ACTIVE_ARCH = YES;
				SDKROOT = xros;
				SWIFT_ACTIVE_COMPILATION_CONDITIONS = "DEBUG $(inherited)";
				SWIFT_OPTIMIZATION_LEVEL = "-Onone";
				XROS_DEPLOYMENT_TARGET = 1.0;
			};
			name = Debug;
		};
		23FB01ED2C4F09DB00C52219 /* Release */ = {
			isa = XCBuildConfiguration;
			buildSettings = {
				ALWAYS_SEARCH_USER_PATHS = NO;
				ASSETCATALOG_COMPILER_GENERATE_SWIFT_ASSET_SYMBOL_EXTENSIONS = YES;
				CLANG_ANALYZER_NONNULL = YES;
				CLANG_ANALYZER_NUMBER_OBJECT_CONVERSION = YES_AGGRESSIVE;
				CLANG_CXX_LANGUAGE_STANDARD = "gnu++20";
				CLANG_ENABLE_MODULES = YES;
				CLANG_ENABLE_OBJC_ARC = YES;
				CLANG_ENABLE_OBJC_WEAK = YES;
				CLANG_WARN_BLOCK_CAPTURE_AUTORELEASING = YES;
				CLANG_WARN_BOOL_CONVERSION = YES;
				CLANG_WARN_COMMA = YES;
				CLANG_WARN_CONSTANT_CONVERSION = YES;
				CLANG_WARN_DEPRECATED_OBJC_IMPLEMENTATIONS = YES;
				CLANG_WARN_DIRECT_OBJC_ISA_USAGE = YES_ERROR;
				CLANG_WARN_DOCUMENTATION_COMMENTS = YES;
				CLANG_WARN_EMPTY_BODY = YES;
				CLANG_WARN_ENUM_CONVERSION = YES;
				CLANG_WARN_INFINITE_RECURSION = YES;
				CLANG_WARN_INT_CONVERSION = YES;
				CLANG_WARN_NON_LITERAL_NULL_CONVERSION = YES;
				CLANG_WARN_OBJC_IMPLICIT_RETAIN_SELF = YES;
				CLANG_WARN_OBJC_LITERAL_CONVERSION = YES;
				CLANG_WARN_OBJC_ROOT_CLASS = YES_ERROR;
				CLANG_WARN_QUOTED_INCLUDE_IN_FRAMEWORK_HEADER = YES;
				CLANG_WARN_RANGE_LOOP_ANALYSIS = YES;
				CLANG_WARN_STRICT_PROTOTYPES = YES;
				CLANG_WARN_SUSPICIOUS_MOVE = YES;
				CLANG_WARN_UNGUARDED_AVAILABILITY = YES_AGGRESSIVE;
				CLANG_WARN_UNREACHABLE_CODE = YES;
				CLANG_WARN__DUPLICATE_METHOD_MATCH = YES;
				COPY_PHASE_STRIP = NO;
				DEBUG_INFORMATION_FORMAT = "dwarf-with-dsym";
				ENABLE_NS_ASSERTIONS = NO;
				ENABLE_STRICT_OBJC_MSGSEND = YES;
				ENABLE_USER_SCRIPT_SANDBOXING = YES;
				GCC_C_LANGUAGE_STANDARD = gnu17;
				GCC_NO_COMMON_BLOCKS = YES;
				GCC_WARN_64_TO_32_BIT_CONVERSION = YES;
				GCC_WARN_ABOUT_RETURN_TYPE = YES_ERROR;
				GCC_WARN_UNDECLARED_SELECTOR = YES;
				GCC_WARN_UNINITIALIZED_AUTOS = YES_AGGRESSIVE;
				GCC_WARN_UNUSED_FUNCTION = YES;
				GCC_WARN_UNUSED_VARIABLE = YES;
				LOCALIZATION_PREFERS_STRING_CATALOGS = YES;
				MTL_ENABLE_DEBUG_INFO = NO;
				MTL_FAST_MATH = YES;
				SDKROOT = xros;
				SWIFT_COMPILATION_MODE = wholemodule;
				VALIDATE_PRODUCT = YES;
				XROS_DEPLOYMENT_TARGET = 1.0;
			};
			name = Release;
		};
		23FB01EF2C4F09DB00C52219 /* Debug */ = {
			isa = XCBuildConfiguration;
			buildSettings = {
				ASSETCATALOG_COMPILER_APPICON_NAME = AppIcon;
				ASSETCATALOG_COMPILER_GLOBAL_ACCENT_COLOR_NAME = AccentColor;
				CODE_SIGN_STYLE = Automatic;
				CURRENT_PROJECT_VERSION = 1;
				DEVELOPMENT_ASSET_PATHS = "\"VisionExperiments/Preview Content\"";
				DEVELOPMENT_TEAM = 2T27VW73N8;
				ENABLE_PREVIEWS = YES;
				GENERATE_INFOPLIST_FILE = YES;
				INFOPLIST_FILE = "$(TARGET_NAME)/Info.plist";
				LD_RUNPATH_SEARCH_PATHS = (
					"$(inherited)",
					"@executable_path/Frameworks",
				);
				MARKETING_VERSION = 1.0;
				PRODUCT_BUNDLE_IDENTIFIER = com.dwightsApps.VisionExperiments;
				PRODUCT_NAME = "$(TARGET_NAME)";
				SUPPORTED_PLATFORMS = "xros xrsimulator";
				SWIFT_EMIT_LOC_STRINGS = YES;
				SWIFT_VERSION = 5.0;
				TARGETED_DEVICE_FAMILY = "1,2,7";
			};
			name = Debug;
		};
		23FB01F02C4F09DB00C52219 /* Release */ = {
			isa = XCBuildConfiguration;
			buildSettings = {
				ASSETCATALOG_COMPILER_APPICON_NAME = AppIcon;
				ASSETCATALOG_COMPILER_GLOBAL_ACCENT_COLOR_NAME = AccentColor;
				CODE_SIGN_STYLE = Automatic;
				CURRENT_PROJECT_VERSION = 1;
				DEVELOPMENT_ASSET_PATHS = "\"VisionExperiments/Preview Content\"";
				DEVELOPMENT_TEAM = 2T27VW73N8;
				ENABLE_PREVIEWS = YES;
				GENERATE_INFOPLIST_FILE = YES;
				INFOPLIST_FILE = "$(TARGET_NAME)/Info.plist";
				LD_RUNPATH_SEARCH_PATHS = (
					"$(inherited)",
					"@executable_path/Frameworks",
				);
				MARKETING_VERSION = 1.0;
				PRODUCT_BUNDLE_IDENTIFIER = com.dwightsApps.VisionExperiments;
				PRODUCT_NAME = "$(TARGET_NAME)";
				SUPPORTED_PLATFORMS = "xros xrsimulator";
				SWIFT_EMIT_LOC_STRINGS = YES;
				SWIFT_VERSION = 5.0;
				TARGETED_DEVICE_FAMILY = "1,2,7";
			};
			name = Release;
		};
		23FB01F22C4F09DB00C52219 /* Debug */ = {
			isa = XCBuildConfiguration;
			buildSettings = {
				ALWAYS_EMBED_SWIFT_STANDARD_LIBRARIES = YES;
				BUNDLE_LOADER = "$(TEST_HOST)";
				CODE_SIGN_STYLE = Automatic;
				CURRENT_PROJECT_VERSION = 1;
				DEVELOPMENT_TEAM = 2T27VW73N8;
				GENERATE_INFOPLIST_FILE = YES;
				MARKETING_VERSION = 1.0;
				PRODUCT_BUNDLE_IDENTIFIER = com.dwightsApps.VisionExperimentsTests;
				PRODUCT_NAME = "$(TARGET_NAME)";
				SUPPORTED_PLATFORMS = "xros xrsimulator";
				SWIFT_EMIT_LOC_STRINGS = NO;
				SWIFT_VERSION = 5.0;
				TARGETED_DEVICE_FAMILY = "1,2,7";
				TEST_HOST = "$(BUILT_PRODUCTS_DIR)/VisionExperiments.app/$(BUNDLE_EXECUTABLE_FOLDER_PATH)/VisionExperiments";
				XROS_DEPLOYMENT_TARGET = 1.0;
			};
			name = Debug;
		};
		23FB01F32C4F09DB00C52219 /* Release */ = {
			isa = XCBuildConfiguration;
			buildSettings = {
				ALWAYS_EMBED_SWIFT_STANDARD_LIBRARIES = YES;
				BUNDLE_LOADER = "$(TEST_HOST)";
				CODE_SIGN_STYLE = Automatic;
				CURRENT_PROJECT_VERSION = 1;
				DEVELOPMENT_TEAM = 2T27VW73N8;
				GENERATE_INFOPLIST_FILE = YES;
				MARKETING_VERSION = 1.0;
				PRODUCT_BUNDLE_IDENTIFIER = com.dwightsApps.VisionExperimentsTests;
				PRODUCT_NAME = "$(TARGET_NAME)";
				SUPPORTED_PLATFORMS = "xros xrsimulator";
				SWIFT_EMIT_LOC_STRINGS = NO;
				SWIFT_VERSION = 5.0;
				TARGETED_DEVICE_FAMILY = "1,2,7";
				TEST_HOST = "$(BUILT_PRODUCTS_DIR)/VisionExperiments.app/$(BUNDLE_EXECUTABLE_FOLDER_PATH)/VisionExperiments";
				XROS_DEPLOYMENT_TARGET = 1.0;
			};
			name = Release;
		};
/* End XCBuildConfiguration section */

/* Begin XCConfigurationList section */
		23FB01CA2C4F09D900C52219 /* Build configuration list for PBXProject "VisionExperiments" */ = {
			isa = XCConfigurationList;
			buildConfigurations = (
				23FB01EC2C4F09DB00C52219 /* Debug */,
				23FB01ED2C4F09DB00C52219 /* Release */,
			);
			defaultConfigurationIsVisible = 0;
			defaultConfigurationName = Release;
		};
		23FB01EE2C4F09DB00C52219 /* Build configuration list for PBXNativeTarget "VisionExperiments" */ = {
			isa = XCConfigurationList;
			buildConfigurations = (
				23FB01EF2C4F09DB00C52219 /* Debug */,
				23FB01F02C4F09DB00C52219 /* Release */,
			);
			defaultConfigurationIsVisible = 0;
			defaultConfigurationName = Release;
		};
		23FB01F12C4F09DB00C52219 /* Build configuration list for PBXNativeTarget "VisionExperimentsTests" */ = {
			isa = XCConfigurationList;
			buildConfigurations = (
				23FB01F22C4F09DB00C52219 /* Debug */,
				23FB01F32C4F09DB00C52219 /* Release */,
			);
			defaultConfigurationIsVisible = 0;
			defaultConfigurationName = Release;
		};
/* End XCConfigurationList section */

/* Begin XCSwiftPackageProductDependency section */
		23FB01D42C4F09D900C52219 /* RealityKitContent */ = {
			isa = XCSwiftPackageProductDependency;
			productName = RealityKitContent;
		};
/* End XCSwiftPackageProductDependency section */
	};
	rootObject = 23FB01C72C4F09D900C52219 /* Project object */;
}
